{
  "name": "sposlearning-revamped",
  "lockfileVersion": 3,
  "requires": true,
  "packages": {
    "": {
      "dependencies": {
        "keycloak-js": "^26.0.8"
      }
    },
    "node_modules/keycloak-js": {
      "version": "26.0.8",
      "resolved": "https://registry.npmjs.org/keycloak-js/-/keycloak-js-26.0.8.tgz",
      "integrity": "sha512-KRCu6f2QQ4Bk2TeQFsA1ogvEGaWNP9q26XMdgF3qtPZ5ftzkekwzRweIynKJ3Qqb1fsv6pgtwpeyepsRuotdaw==",
      "license": "Apache-2.0"
    }
  }
}
